
Microsoft Visual Studio Solution File, Format Version 12.00
# Visual Studio Version 17
VisualStudioVersion = 17.4.33213.308
MinimumVisualStudioVersion = 10.0.40219.1
Project("{FAE04EC0-301F-11D3-BF4B-00C04F79EFBC}") = "TaskManagement.App", "TaskManagement.App\TaskManagement.App.csproj", "{8E032EFC-F3B7-4ECE-9962-D8F5D9FB6880}"
EndProject
Project("{FAE04EC0-301F-11D3-BF4B-00C04F79EFBC}") = "TaskManagement.Library", "TaskManagement.Library\TaskManagement.Library.csproj", "{EEA51556-5DDF-4061-A178-56B2B6AC93D3}"
EndProject
Global
	GlobalSection(SolutionConfigurationPlatforms) = preSolution
		Debug|Any CPU = Debug|Any CPU
		Debug|ARM = Debug|ARM
		Debug|ARM64 = Debug|ARM64
		Debug|x64 = Debug|x64
		Debug|x86 = Debug|x86
		Release|Any CPU = Release|Any CPU
		Release|ARM = Release|ARM
		Release|ARM64 = Release|ARM64
		Release|x64 = Release|x64
		Release|x86 = Release|x86
	EndGlobalSection
	GlobalSection(ProjectConfigurationPlatforms) = postSolution
		{8E032EFC-F3B7-4ECE-9962-D8F5D9FB6880}.Debug|Any CPU.ActiveCfg = Debug|x64
		{8E032EFC-F3B7-4ECE-9962-D8F5D9FB6880}.Debug|Any CPU.Build.0 = Debug|x64
		{8E032EFC-F3B7-4ECE-9962-D8F5D9FB6880}.Debug|Any CPU.Deploy.0 = Debug|x64
		{8E032EFC-F3B7-4ECE-9962-D8F5D9FB6880}.Debug|ARM.ActiveCfg = Debug|ARM
		{8E032EFC-F3B7-4ECE-9962-D8F5D9FB6880}.Debug|ARM.Build.0 = Debug|ARM
		{8E032EFC-F3B7-4ECE-9962-D8F5D9FB6880}.Debug|ARM.Deploy.0 = Debug|ARM
		{8E032EFC-F3B7-4ECE-9962-D8F5D9FB6880}.Debug|ARM64.ActiveCfg = Debug|ARM64
		{8E032EFC-F3B7-4ECE-9962-D8F5D9FB6880}.Debug|ARM64.Build.0 = Debug|ARM64
		{8E032EFC-F3B7-4ECE-9962-D8F5D9FB6880}.Debug|ARM64.Deploy.0 = Debug|ARM64
		{8E032EFC-F3B7-4ECE-9962-D8F5D9FB6880}.Debug|x64.ActiveCfg = Debug|x64
		{8E032EFC-F3B7-4ECE-9962-D8F5D9FB6880}.Debug|x64.Build.0 = Debug|x64
		{8E032EFC-F3B7-4ECE-9962-D8F5D9FB6880}.Debug|x64.Deploy.0 = Debug|x64
		{8E032EFC-F3B7-4ECE-9962-D8F5D9FB6880}.Debug|x86.ActiveCfg = Debug|x86
		{8E032EFC-F3B7-4ECE-9962-D8F5D9FB6880}.Debug|x86.Build.0 = Debug|x86
		{8E032EFC-F3B7-4ECE-9962-D8F5D9FB6880}.Debug|x86.Deploy.0 = Debug|x86
		{8E032EFC-F3B7-4ECE-9962-D8F5D9FB6880}.Release|Any CPU.ActiveCfg = Release|x64
		{8E032EFC-F3B7-4ECE-9962-D8F5D9FB6880}.Release|Any CPU.Build.0 = Release|x64
		{8E032EFC-F3B7-4ECE-9962-D8F5D9FB6880}.Release|Any CPU.Deploy.0 = Release|x64
		{8E032EFC-F3B7-4ECE-9962-D8F5D9FB6880}.Release|ARM.ActiveCfg = Release|ARM
		{8E032EFC-F3B7-4ECE-9962-D8F5D9FB6880}.Release|ARM.Build.0 = Release|ARM
		{8E032EFC-F3B7-4ECE-9962-D8F5D9FB6880}.Release|ARM.Deploy.0 = Release|ARM
		{8E032EFC-F3B7-4ECE-9962-D8F5D9FB6880}.Release|ARM64.ActiveCfg = Release|ARM64
		{8E032EFC-F3B7-4ECE-9962-D8F5D9FB6880}.Release|ARM64.Build.0 = Release|ARM64
		{8E032EFC-F3B7-4ECE-9962-D8F5D9FB6880}.Release|ARM64.Deploy.0 = Release|ARM64
		{8E032EFC-F3B7-4ECE-9962-D8F5D9FB6880}.Release|x64.ActiveCfg = Release|x64
		{8E032EFC-F3B7-4ECE-9962-D8F5D9FB6880}.Release|x64.Build.0 = Release|x64
		{8E032EFC-F3B7-4ECE-9962-D8F5D9FB6880}.Release|x64.Deploy.0 = Release|x64
		{8E032EFC-F3B7-4ECE-9962-D8F5D9FB6880}.Release|x86.ActiveCfg = Release|x86
		{8E032EFC-F3B7-4ECE-9962-D8F5D9FB6880}.Release|x86.Build.0 = Release|x86
		{8E032EFC-F3B7-4ECE-9962-D8F5D9FB6880}.Release|x86.Deploy.0 = Release|x86
		{EEA51556-5DDF-4061-A178-56B2B6AC93D3}.Debug|Any CPU.ActiveCfg = Debug|Any CPU
		{EEA51556-5DDF-4061-A178-56B2B6AC93D3}.Debug|Any CPU.Build.0 = Debug|Any CPU
		{EEA51556-5DDF-4061-A178-56B2B6AC93D3}.Debug|ARM.ActiveCfg = Debug|Any CPU
		{EEA51556-5DDF-4061-A178-56B2B6AC93D3}.Debug|ARM.Build.0 = Debug|Any CPU
		{EEA51556-5DDF-4061-A178-56B2B6AC93D3}.Debug|ARM64.ActiveCfg = Debug|Any CPU
		{EEA51556-5DDF-4061-A178-56B2B6AC93D3}.Debug|ARM64.Build.0 = Debug|Any CPU
		{EEA51556-5DDF-4061-A178-56B2B6AC93D3}.Debug|x64.ActiveCfg = Debug|Any CPU
		{EEA51556-5DDF-4061-A178-56B2B6AC93D3}.Debug|x64.Build.0 = Debug|Any CPU
		{EEA51556-5DDF-4061-A178-56B2B6AC93D3}.Debug|x86.ActiveCfg = Debug|Any CPU
		{EEA51556-5DDF-4061-A178-56B2B6AC93D3}.Debug|x86.Build.0 = Debug|Any CPU
		{EEA51556-5DDF-4061-A178-56B2B6AC93D3}.Release|Any CPU.ActiveCfg = Release|Any CPU
		{EEA51556-5DDF-4061-A178-56B2B6AC93D3}.Release|Any CPU.Build.0 = Release|Any CPU
		{EEA51556-5DDF-4061-A178-56B2B6AC93D3}.Release|ARM.ActiveCfg = Release|Any CPU
		{EEA51556-5DDF-4061-A178-56B2B6AC93D3}.Release|ARM.Build.0 = Release|Any CPU
		{EEA51556-5DDF-4061-A178-56B2B6AC93D3}.Release|ARM64.ActiveCfg = Release|Any CPU
		{EEA51556-5DDF-4061-A178-56B2B6AC93D3}.Release|ARM64.Build.0 = Release|Any CPU
		{EEA51556-5DDF-4061-A178-56B2B6AC93D3}.Release|x64.ActiveCfg = Release|Any CPU
		{EEA51556-5DDF-4061-A178-56B2B6AC93D3}.Release|x64.Build.0 = Release|Any CPU
		{EEA51556-5DDF-4061-A178-56B2B6AC93D3}.Release|x86.ActiveCfg = Release|Any CPU
		{EEA51556-5DDF-4061-A178-56B2B6AC93D3}.Release|x86.Build.0 = Release|Any CPU
	EndGlobalSection
	GlobalSection(SolutionProperties) = preSolution
		HideSolutionNode = FALSE
	EndGlobalSection
	GlobalSection(ExtensibilityGlobals) = postSolution
		SolutionGuid = {D431436F-7A9C-4BCE-83DC-BF7DF26E4EA7}
	EndGlobalSection
EndGlobal
